// !$*UTF8*$!
{
	archiveVersion = 1;
	classes = {
	};
	objectVersion = 46;
	objects = {

/* Begin PBXBuildFile section */
		670768261C371772007CBC22 /* AppDelegate.swift in Sources */ = {isa = PBXBuildFile; fileRef = 670768251C371772007CBC22 /* AppDelegate.swift */; };
		670768281C371772007CBC22 /* ViewController.swift in Sources */ = {isa = PBXBuildFile; fileRef = 670768271C371772007CBC22 /* ViewController.swift */; };
		6707682B1C371772007CBC22 /* Main.storyboard in Resources */ = {isa = PBXBuildFile; fileRef = 670768291C371772007CBC22 /* Main.storyboard */; };
		6707682D1C371772007CBC22 /* Assets.xcassets in Resources */ = {isa = PBXBuildFile; fileRef = 6707682C1C371772007CBC22 /* Assets.xcassets */; };
		670768301C371772007CBC22 /* LaunchScreen.storyboard in Resources */ = {isa = PBXBuildFile; fileRef = 6707682E1C371772007CBC22 /* LaunchScreen.storyboard */; };
		670768391C371823007CBC22 /* input_pdf.pdf in Resources */ = {isa = PBXBuildFile; fileRef = 670768381C371823007CBC22 /* input_pdf.pdf */; };
		6707683B1C371A49007CBC22 /* ModelController.swift in Sources */ = {isa = PBXBuildFile; fileRef = 6707683A1C371A49007CBC22 /* ModelController.swift */; };
		6707683D1C371AA2007CBC22 /* DataViewController.swift in Sources */ = {isa = PBXBuildFile; fileRef = 6707683C1C371AA2007CBC22 /* DataViewController.swift */; };
		6707683F1C371AE0007CBC22 /* TiledPDFView.swift in Sources */ = {isa = PBXBuildFile; fileRef = 6707683E1C371AE0007CBC22 /* TiledPDFView.swift */; };
		670768411C371B14007CBC22 /* PDFScrollView.swift in Sources */ = {isa = PBXBuildFile; fileRef = 670768401C371B14007CBC22 /* PDFScrollView.swift */; };
/* End PBXBuildFile section */

/* Begin PBXFileReference section */
		670768221C371772007CBC22 /* ZoomingPDFViewer.app */ = {isa = PBXFileReference; explicitFileType = wrapper.application; includeInIndex = 0; path = ZoomingPDFViewer.app; sourceTree = BUILT_PRODUCTS_DIR; };
		670768251C371772007CBC22 /* AppDelegate.swift */ = {isa = PBXFileReference; lastKnownFileType = sourcecode.swift; path = AppDelegate.swift; sourceTree = "<group>"; };
		670768271C371772007CBC22 /* ViewController.swift */ = {isa = PBXFileReference; lastKnownFileType = sourcecode.swift; path = ViewController.swift; sourceTree = "<group>"; };
		6707682A1C371772007CBC22 /* Base */ = {isa = PBXFileReference; lastKnownFileType = file.storyboard; name = Base; path = Base.lproj/Main.storyboard; sourceTree = "<group>"; };
		6707682C1C371772007CBC22 /* Assets.xcassets */ = {isa = PBXFileReference; lastKnownFileType = folder.assetcatalog; path = Assets.xcassets; sourceTree = "<group>"; };
		6707682F1C371772007CBC22 /* Base */ = {isa = PBXFileReference; lastKnownFileType = file.storyboard; name = Base; path = Base.lproj/LaunchScreen.storyboard; sourceTree = "<group>"; };
		670768311C371772007CBC22 /* Info.plist */ = {isa = PBXFileReference; lastKnownFileType = text.plist.xml; path = Info.plist; sourceTree = "<group>"; };
		670768381C371823007CBC22 /* input_pdf.pdf */ = {isa = PBXFileReference; lastKnownFileType = image.pdf; path = input_pdf.pdf; sourceTree = "<group>"; };
		6707683A1C371A49007CBC22 /* ModelController.swift */ = {isa = PBXFileReference; fileEncoding = 4; lastKnownFileType = sourcecode.swift; path = ModelController.swift; sourceTree = "<group>"; };
		6707683C1C371AA2007CBC22 /* DataViewController.swift */ = {isa = PBXFileReference; fileEncoding = 4; lastKnownFileType = sourcecode.swift; path = DataViewController.swift; sourceTree = "<group>"; };
		6707683E1C371AE0007CBC22 /* TiledPDFView.swift */ = {isa = PBXFileReference; fileEncoding = 4; lastKnownFileType = sourcecode.swift; path = TiledPDFView.swift; sourceTree = "<group>"; };
		670768401C371B14007CBC22 /* PDFScrollView.swift */ = {isa = PBXFileReference; fileEncoding = 4; lastKnownFileType = sourcecode.swift; path = PDFScrollView.swift; sourceTree = "<group>"; };
/* End PBXFileReference section */

/* Begin PBXFrameworksBuildPhase section */
		6707681F1C371772007CBC22 /* Frameworks */ = {
			isa = PBXFrameworksBuildPhase;
			buildActionMask = 2147483647;
			files = (
			);
			runOnlyForDeploymentPostprocessing = 0;
		};
/* End PBXFrameworksBuildPhase section */

/* Begin PBXGroup section */
		670768191C371772007CBC22 = {
			isa = PBXGroup;
			children = (
				670768371C3717FB007CBC22 /* Supporting Files */,
				670768241C371772007CBC22 /* ZoomingPDFViewer */,
				670768231C371772007CBC22 /* Products */,
			);
			sourceTree = "<group>";
		};
		670768231C371772007CBC22 /* Products */ = {
			isa = PBXGroup;
			children = (
				670768221C371772007CBC22 /* ZoomingPDFViewer.app */,
			);
			name = Products;
			sourceTree = "<group>";
		};
		670768241C371772007CBC22 /* ZoomingPDFViewer */ = {
			isa = PBXGroup;
			children = (
				670768251C371772007CBC22 /* AppDelegate.swift */,
				670768271C371772007CBC22 /* ViewController.swift */,
				670768291C371772007CBC22 /* Main.storyboard */,
				6707682C1C371772007CBC22 /* Assets.xcassets */,
				6707682E1C371772007CBC22 /* LaunchScreen.storyboard */,
				670768311C371772007CBC22 /* Info.plist */,
				6707683A1C371A49007CBC22 /* ModelController.swift */,
				6707683C1C371AA2007CBC22 /* DataViewController.swift */,
				6707683E1C371AE0007CBC22 /* TiledPDFView.swift */,
				670768401C371B14007CBC22 /* PDFScrollView.swift */,
			);
			path = ZoomingPDFViewer;
			sourceTree = "<group>";
		};
		670768371C3717FB007CBC22 /* Supporting Files */ = {
			isa = PBXGroup;
			children = (
				670768381C371823007CBC22 /* input_pdf.pdf */,
			);
			name = "Supporting Files";
			sourceTree = "<group>";
		};
/* End PBXGroup section */

/* Begin PBXNativeTarget section */
		670768211C371772007CBC22 /* ZoomingPDFViewer */ = {
			isa = PBXNativeTarget;
			buildConfigurationList = 670768341C371772007CBC22 /* Build configuration list for PBXNativeTarget "ZoomingPDFViewer" */;
			buildPhases = (
				6707681E1C371772007CBC22 /* Sources */,
				6707681F1C371772007CBC22 /* Frameworks */,
				670768201C371772007CBC22 /* Resources */,
			);
			buildRules = (
			);
			dependencies = (
			);
			name = ZoomingPDFViewer;
			productName = ZoomingPDFViewer;
			productReference = 670768221C371772007CBC22 /* ZoomingPDFViewer.app */;
			productType = "com.apple.product-type.application";
		};
/* End PBXNativeTarget section */

/* Begin PBXProject section */
		6707681A1C371772007CBC22 /* Project object */ = {
			isa = PBXProject;
			attributes = {
				LastSwiftUpdateCheck = 0720;
				LastUpgradeCheck = 0720;
				ORGANIZATIONNAME = "Fabio A. Camichel";
				TargetAttributes = {
					670768211C371772007CBC22 = {
						CreatedOnToolsVersion = 7.2;
						DevelopmentTeam = LAWG2F8MP9;
					};
				};
			};
			buildConfigurationList = 6707681D1C371772007CBC22 /* Build configuration list for PBXProject "ZoomingPDFViewer" */;
			compatibilityVersion = "Xcode 3.2";
			developmentRegion = English;
			hasScannedForEncodings = 0;
			knownRegions = (
				en,
				Base,
			);
			mainGroup = 670768191C371772007CBC22;
			productRefGroup = 670768231C371772007CBC22 /* Products */;
			projectDirPath = "";
			projectRoot = "";
			targets = (
				670768211C371772007CBC22 /* ZoomingPDFViewer */,
			);
		};
/* End PBXProject section */

/* Begin PBXResourcesBuildPhase section */
		670768201C371772007CBC22 /* Resources */ = {
			isa = PBXResourcesBuildPhase;
			buildActionMask = 2147483647;
			files = (
				670768301C371772007CBC22 /* LaunchScreen.storyboard in Resources */,
				6707682D1C371772007CBC22 /* Assets.xcassets in Resources */,
				670768391C371823007CBC22 /* input_pdf.pdf in Resources */,
				6707682B1C371772007CBC22 /* Main.storyboard in Resources */,
			);
			runOnlyForDeploymentPostprocessing = 0;
		};
/* End PBXResourcesBuildPhase section */

/* Begin PBXSourcesBuildPhase section */
		6707681E1C371772007CBC22 /* Sources */ = {
			isa = PBXSourcesBuildPhase;
			buildActionMask = 2147483647;
			files = (
				6707683D1C371AA2007CBC22 /* DataViewController.swift in Sources */,
				6707683B1C371A49007CBC22 /* ModelController.swift in Sources */,
				670768411C371B14007CBC22 /* PDFScrollView.swift in Sources */,
				670768281C371772007CBC22 /* ViewController.swift in Sources */,
				670768261C371772007CBC22 /* AppDelegate.swift in Sources */,
				6707683F1C371AE0007CBC22 /* TiledPDFView.swift in Sources */,
			);
			runOnlyForDeploymentPostprocessing = 0;
		};
/* End PBXSourcesBuildPhase section */

/* Begin PBXVariantGroup section */
		670768291C371772007CBC22 /* Main.storyboard */ = {
			isa = PBXVariantGroup;
			children = (
				6707682A1C371772007CBC22 /* Base */,
			);
			name = Main.storyboard;
			sourceTree = "<group>";
		};
		6707682E1C371772007CBC22 /* LaunchScreen.storyboard */ = {
			isa = PBXVariantGroup;
			children = (
				6707682F1C371772007CBC22 /* Base */,
			);
			name = LaunchScreen.storyboard;
			sourceTree = "<group>";
		};
/* End PBXVariantGroup section */

/* Begin XCBuildConfiguration section */
		670768321C371772007CBC22 /* Debug */ = {
			isa = XCBuildConfiguration;
			buildSettings = {
				ALWAYS_SEARCH_USER_PATHS = NO;
				CLANG_CXX_LANGUAGE_STANDARD = "gnu++0x";
				CLANG_CXX_LIBRARY = "libc++";
				CLANG_ENABLE_MODULES = YES;
				CLANG_ENABLE_OBJC_ARC = YES;
				CLANG_WARN_BOOL_CONVERSION = YES;
				CLANG_WARN_CONSTANT_CONVERSION = YES;
				CLANG_WARN_DIRECT_OBJC_ISA_USAGE = YES_ERROR;
				CLANG_WARN_EMPTY_BODY = YES;
				CLANG_WARN_ENUM_CONVERSION = YES;
				CLANG_WARN_INT_CONVERSION = YES;
				CLANG_WARN_OBJC_ROOT_CLASS = YES_ERROR;
				CLANG_WARN_UNREACHABLE_CODE = YES;
				CLANG_WARN__DUPLICATE_METHOD_MATCH = YES;
				"CODE_SIGN_IDENTITY[sdk=iphoneos*]" = "iPhone Developer";
				COPY_PHASE_STRIP = NO;
				DEBUG_INFORMATION_FORMAT = dwarf;
				ENABLE_STRICT_OBJC_MSGSEND = YES;
				ENABLE_TESTABILITY = YES;
				GCC_C_LANGUAGE_STANDARD = gnu99;
				GCC_DYNAMIC_NO_PIC = NO;
				GCC_NO_COMMON_BLOCKS = YES;
				GCC_OPTIMIZATION_LEVEL = 0;
				GCC_PREPROCESSOR_DEFINITIONS = (
					"DEBUG=1",
					"$(inherited)",
				);
				GCC_WARN_64_TO_32_BIT_CONVERSION = YES;
				GCC_WARN_ABOUT_RETURN_TYPE = YES_ERROR;
				GCC_WARN_UNDECLARED_SELECTOR = YES;
				GCC_WARN_UNINITIALIZED_AUTOS = YES_AGGRESSIVE;
				GCC_WARN_UNUSED_FUNCTION = YES;
				GCC_WARN_UNUSED_VARIABLE = YES;
				IPHONEOS_DEPLOYMENT_TARGET = 9.2;
				MTL_ENABLE_DEBUG_INFO = YES;
				ONLY_ACTIVE_ARCH = YES;
				SDKROOT = iphoneos;
				SWIFT_OPTIMIZATION_LEVEL = "-Onone";
				TARGETED_DEVICE_FAMILY = "1,2";
			};
			name = Debug;
		};
		670768331C371772007CBC22 /* Release */ = {
			isa = XCBuildConfiguration;
			buildSettings = {
				ALWAYS_SEARCH_USER_PATHS = NO;
				CLANG_CXX_LANGUAGE_STANDARD = "gnu++0x";
				CLANG_CXX_LIBRARY = "libc++";
				CLANG_ENABLE_MODULES = YES;
				CLANG_ENABLE_OBJC_ARC = YES;
				CLANG_WARN_BOOL_CONVERSION = YES;
				CLANG_WARN_CONSTANT_CONVERSION = YES;
				CLANG_WARN_DIRECT_OBJC_ISA_USAGE = YES_ERROR;
				CLANG_WARN_EMPTY_BODY = YES;
				CLANG_WARN_ENUM_CONVERSION = YES;
				CLANG_WARN_INT_CONVERSION = YES;
				CLANG_WARN_OBJC_ROOT_CLASS = YES_ERROR;
				CLANG_WARN_UNREACHABLE_CODE = YES;
				CLANG_WARN__DUPLICATE_METHOD_MATCH = YES;
				"CODE_SIGN_IDENTITY[sdk=iphoneos*]" = "iPhone Developer";
				COPY_PHASE_STRIP = NO;
				DEBUG_INFORMATION_FORMAT = "dwarf-with-dsym";
				ENABLE_NS_ASSERTIONS = NO;
				ENABLE_STRICT_OBJC_MSGSEND = YES;
				GCC_C_LANGUAGE_STANDARD = gnu99;
				GCC_NO_COMMON_BLOCKS = YES;
				GCC_WARN_64_TO_32_BIT_CONVERSION = YES;
				GCC_WARN_ABOUT_RETURN_TYPE = YES_ERROR;
				GCC_WARN_UNDECLARED_SELECTOR = YES;
				GCC_WARN_UNINITIALIZED_AUTOS = YES_AGGRESSIVE;
				GCC_WARN_UNUSED_FUNCTION = YES;
				GCC_WARN_UNUSED_VARIABLE = YES;
				IPHONEOS_DEPLOYMENT_TARGET = 9.2;
				MTL_ENABLE_DEBUG_INFO = NO;
				SDKROOT = iphoneos;
				TARGETED_DEVICE_FAMILY = "1,2";
				VALIDATE_PRODUCT = YES;
			};
			name = Release;
		};
		670768351C371772007CBC22 /* Debug */ = {
			isa = XCBuildConfiguration;
			buildSettings = {
				ASSETCATALOG_COMPILER_APPICON_NAME = AppIcon;
				INFOPLIST_FILE = ZoomingPDFViewer/Info.plist;
				LD_RUNPATH_SEARCH_PATHS = "$(inherited) @executable_path/Frameworks";
				PRODUCT_BUNDLE_IDENTIFIER = com.fabacam.ZoomingPDFViewer;
				PRODUCT_NAME = "$(TARGET_NAME)";
			};
			name = Debug;
		};
		670768361C371772007CBC22 /* Release */ = {
			isa = XCBuildConfiguration;
			buildSettings = {
				ASSETCATALOG_COMPILER_APPICON_NAME = AppIcon;
				INFOPLIST_FILE = ZoomingPDFViewer/Info.plist;
				LD_RUNPATH_SEARCH_PATHS = "$(inherited) @executable_path/Frameworks";
				PRODUCT_BUNDLE_IDENTIFIER = com.fabacam.ZoomingPDFViewer;
				PRODUCT_NAME = "$(TARGET_NAME)";
			};
			name = Release;
		};
/* End XCBuildConfiguration section */

/* Begin XCConfigurationList section */
		6707681D1C371772007CBC22 /* Build configuration list for PBXProject "ZoomingPDFViewer" */ = {
			isa = XCConfigurationList;
			buildConfigurations = (
				670768321C371772007CBC22 /* Debug */,
				670768331C371772007CBC22 /* Release */,
			);
			defaultConfigurationIsVisible = 0;
			defaultConfigurationName = Release;
		};
		670768341C371772007CBC22 /* Build configuration list for PBXNativeTarget "ZoomingPDFViewer" */ = {
			isa = XCConfigurationList;
			buildConfigurations = (
				670768351C371772007CBC22 /* Debug */,
				670768361C371772007CBC22 /* Release */,
			);
			defaultConfigurationIsVisible = 0;
			defaultConfigurationName = Release;
		};
/* End XCConfigurationList section */
	};
	rootObject = 6707681A1C371772007CBC22 /* Project object */;
}
